{
    "_meta": {
        "hash": {
            "sha256": "60364d8fec40062cefddf8fc7df3eb90e861b5d9e9b7faf7d5782480799581c9"
        },
        "pipfile-spec": 6,
        "requires": {
            "python_version": "3.12"
        },
        "sources": [
            {
                "name": "pypi",
                "url": "https://pypi.org/simple",
                "verify_ssl": true
            }
        ]
    },
    "default": {},
    "develop": {}
}
